// !$*UTF8*$!
{
	archiveVersion = 1;
	classes = {
	};
	objectVersion = 51;
	objects = {

/* Begin PBXBuildFile section */
		7A4CC58D22F977A20016ABE1 /* README.md in Resources */ = {isa = PBXBuildFile; fileRef = 7A4CC58C22F977A20016ABE1 /* README.md */; };
		7A56E98E22FD613100E53422 /* libminipngTests.swift in Sources */ = {isa = PBXBuildFile; fileRef = 7A56E98D22FD613100E53422 /* libminipngTests.swift */; };
		7A56E99022FD613100E53422 /* libminipng.framework in Frameworks */ = {isa = PBXBuildFile; fileRef = 7AFCFAE222F4316A00FAD58A /* libminipng.framework */; };
		7A8D0C542317BE1A001D187B /* libminipng.podspec in Resources */ = {isa = PBXBuildFile; fileRef = 7A8D0C532317BE1A001D187B /* libminipng.podspec */; };
		7AA84ECC231389CF00008862 /* LICENSE in Resources */ = {isa = PBXBuildFile; fileRef = 7AA84ECB231389CF00008862 /* LICENSE */; };
		7AFCFB0F22F4319200FAD58A /* kmeans.c in Sources */ = {isa = PBXBuildFile; fileRef = 7AFCFAFD22F4319100FAD58A /* kmeans.c */; };
		7AFCFB1022F4319200FAD58A /* mempool.h in Headers */ = {isa = PBXBuildFile; fileRef = 7AFCFAFE22F4319100FAD58A /* mempool.h */; };
		7AFCFB1122F4319200FAD58A /* kmeans.h in Headers */ = {isa = PBXBuildFile; fileRef = 7AFCFAFF22F4319100FAD58A /* kmeans.h */; };
		7AFCFB1222F4319200FAD58A /* blur.h in Headers */ = {isa = PBXBuildFile; fileRef = 7AFCFB0022F4319100FAD58A /* blur.h */; };
		7AFCFB1322F4319200FAD58A /* mempool.c in Sources */ = {isa = PBXBuildFile; fileRef = 7AFCFB0122F4319100FAD58A /* mempool.c */; };
		7AFCFB1422F4319200FAD58A /* mediancut.c in Sources */ = {isa = PBXBuildFile; fileRef = 7AFCFB0222F4319200FAD58A /* mediancut.c */; };
		7AFCFB1522F4319200FAD58A /* lodepng.c in Sources */ = {isa = PBXBuildFile; fileRef = 7AFCFB0322F4319200FAD58A /* lodepng.c */; };
		7AFCFB1622F4319200FAD58A /* minipng.h in Headers */ = {isa = PBXBuildFile; fileRef = 7AFCFB0422F4319200FAD58A /* minipng.h */; settings = {ATTRIBUTES = (Public, ); }; };
		7AFCFB1722F4319200FAD58A /* mediancut.h in Headers */ = {isa = PBXBuildFile; fileRef = 7AFCFB0522F4319200FAD58A /* mediancut.h */; };
		7AFCFB1822F4319200FAD58A /* nearest.h in Headers */ = {isa = PBXBuildFile; fileRef = 7AFCFB0622F4319200FAD58A /* nearest.h */; };
		7AFCFB1922F4319200FAD58A /* pam.h in Headers */ = {isa = PBXBuildFile; fileRef = 7AFCFB0722F4319200FAD58A /* pam.h */; };
		7AFCFB1A22F4319200FAD58A /* libimagequant.c in Sources */ = {isa = PBXBuildFile; fileRef = 7AFCFB0822F4319200FAD58A /* libimagequant.c */; };
		7AFCFB1B22F4319200FAD58A /* nearest.c in Sources */ = {isa = PBXBuildFile; fileRef = 7AFCFB0922F4319200FAD58A /* nearest.c */; };
		7AFCFB1C22F4319200FAD58A /* minipng.c in Sources */ = {isa = PBXBuildFile; fileRef = 7AFCFB0A22F4319200FAD58A /* minipng.c */; };
		7AFCFB1D22F4319200FAD58A /* lodepng.h in Headers */ = {isa = PBXBuildFile; fileRef = 7AFCFB0B22F4319200FAD58A /* lodepng.h */; };
		7AFCFB1E22F4319200FAD58A /* blur.c in Sources */ = {isa = PBXBuildFile; fileRef = 7AFCFB0C22F4319200FAD58A /* blur.c */; };
		7AFCFB1F22F4319200FAD58A /* libimagequant.h in Headers */ = {isa = PBXBuildFile; fileRef = 7AFCFB0D22F4319200FAD58A /* libimagequant.h */; };
		7AFCFB2022F4319200FAD58A /* pam.c in Sources */ = {isa = PBXBuildFile; fileRef = 7AFCFB0E22F4319200FAD58A /* pam.c */; };
		7AFCFB2522F4336E00FAD58A /* minipng.swift in Sources */ = {isa = PBXBuildFile; fileRef = 7AFCFB2422F4336E00FAD58A /* minipng.swift */; };
		7AFCFB2822F4350A00FAD58A /* libminipng.h in Headers */ = {isa = PBXBuildFile; fileRef = 7AFCFAE522F4316A00FAD58A /* libminipng.h */; settings = {ATTRIBUTES = (Public, ); }; };
/* End PBXBuildFile section */

/* Begin PBXContainerItemProxy section */
		7A56E99122FD613100E53422 /* PBXContainerItemProxy */ = {
			isa = PBXContainerItemProxy;
			containerPortal = 7AFCFAD922F4316A00FAD58A /* Project object */;
			proxyType = 1;
			remoteGlobalIDString = 7AFCFAE122F4316A00FAD58A;
			remoteInfo = libminipng;
		};
/* End PBXContainerItemProxy section */

/* Begin PBXFileReference section */
		7A4CC58C22F977A20016ABE1 /* README.md */ = {isa = PBXFileReference; fileEncoding = 4; lastKnownFileType = net.daringfireball.markdown; path = README.md; sourceTree = "<group>"; };
		7A56E98B22FD613100E53422 /* libminipngTests.xctest */ = {isa = PBXFileReference; explicitFileType = wrapper.cfbundle; includeInIndex = 0; path = libminipngTests.xctest; sourceTree = BUILT_PRODUCTS_DIR; };
		7A56E98D22FD613100E53422 /* libminipngTests.swift */ = {isa = PBXFileReference; lastKnownFileType = sourcecode.swift; path = libminipngTests.swift; sourceTree = "<group>"; };
		7A56E98F22FD613100E53422 /* Info.plist */ = {isa = PBXFileReference; lastKnownFileType = text.plist.xml; path = Info.plist; sourceTree = "<group>"; };
		7A8D0C532317BE1A001D187B /* libminipng.podspec */ = {isa = PBXFileReference; fileEncoding = 4; lastKnownFileType = text; path = libminipng.podspec; sourceTree = "<group>"; };
		7AA84ECB231389CF00008862 /* LICENSE */ = {isa = PBXFileReference; fileEncoding = 4; lastKnownFileType = text; path = LICENSE; sourceTree = "<group>"; };
		7AFCFAE222F4316A00FAD58A /* libminipng.framework */ = {isa = PBXFileReference; explicitFileType = wrapper.framework; includeInIndex = 0; path = libminipng.framework; sourceTree = BUILT_PRODUCTS_DIR; };
		7AFCFAE522F4316A00FAD58A /* libminipng.h */ = {isa = PBXFileReference; lastKnownFileType = sourcecode.c.h; path = libminipng.h; sourceTree = "<group>"; };
		7AFCFAE622F4316A00FAD58A /* Info.plist */ = {isa = PBXFileReference; lastKnownFileType = text.plist.xml; path = Info.plist; sourceTree = "<group>"; };
		7AFCFAFD22F4319100FAD58A /* kmeans.c */ = {isa = PBXFileReference; fileEncoding = 4; lastKnownFileType = sourcecode.c.c; path = kmeans.c; sourceTree = "<group>"; };
		7AFCFAFE22F4319100FAD58A /* mempool.h */ = {isa = PBXFileReference; fileEncoding = 4; lastKnownFileType = sourcecode.c.h; path = mempool.h; sourceTree = "<group>"; };
		7AFCFAFF22F4319100FAD58A /* kmeans.h */ = {isa = PBXFileReference; fileEncoding = 4; lastKnownFileType = sourcecode.c.h; path = kmeans.h; sourceTree = "<group>"; };
		7AFCFB0022F4319100FAD58A /* blur.h */ = {isa = PBXFileReference; fileEncoding = 4; lastKnownFileType = sourcecode.c.h; path = blur.h; sourceTree = "<group>"; };
		7AFCFB0122F4319100FAD58A /* mempool.c */ = {isa = PBXFileReference; fileEncoding = 4; lastKnownFileType = sourcecode.c.c; path = mempool.c; sourceTree = "<group>"; };
		7AFCFB0222F4319200FAD58A /* mediancut.c */ = {isa = PBXFileReference; fileEncoding = 4; lastKnownFileType = sourcecode.c.c; path = mediancut.c; sourceTree = "<group>"; };
		7AFCFB0322F4319200FAD58A /* lodepng.c */ = {isa = PBXFileReference; fileEncoding = 4; lastKnownFileType = sourcecode.c.c; path = lodepng.c; sourceTree = "<group>"; };
		7AFCFB0422F4319200FAD58A /* minipng.h */ = {isa = PBXFileReference; fileEncoding = 4; lastKnownFileType = sourcecode.c.h; path = minipng.h; sourceTree = "<group>"; };
		7AFCFB0522F4319200FAD58A /* mediancut.h */ = {isa = PBXFileReference; fileEncoding = 4; lastKnownFileType = sourcecode.c.h; path = mediancut.h; sourceTree = "<group>"; };
		7AFCFB0622F4319200FAD58A /* nearest.h */ = {isa = PBXFileReference; fileEncoding = 4; lastKnownFileType = sourcecode.c.h; path = nearest.h; sourceTree = "<group>"; };
		7AFCFB0722F4319200FAD58A /* pam.h */ = {isa = PBXFileReference; fileEncoding = 4; lastKnownFileType = sourcecode.c.h; path = pam.h; sourceTree = "<group>"; };
		7AFCFB0822F4319200FAD58A /* libimagequant.c */ = {isa = PBXFileReference; fileEncoding = 4; lastKnownFileType = sourcecode.c.c; path = libimagequant.c; sourceTree = "<group>"; };
		7AFCFB0922F4319200FAD58A /* nearest.c */ = {isa = PBXFileReference; fileEncoding = 4; lastKnownFileType = sourcecode.c.c; path = nearest.c; sourceTree = "<group>"; };
		7AFCFB0A22F4319200FAD58A /* minipng.c */ = {isa = PBXFileReference; fileEncoding = 4; lastKnownFileType = sourcecode.c.c; path = minipng.c; sourceTree = "<group>"; };
		7AFCFB0B22F4319200FAD58A /* lodepng.h */ = {isa = PBXFileReference; fileEncoding = 4; lastKnownFileType = sourcecode.c.h; path = lodepng.h; sourceTree = "<group>"; };
		7AFCFB0C22F4319200FAD58A /* blur.c */ = {isa = PBXFileReference; fileEncoding = 4; lastKnownFileType = sourcecode.c.c; path = blur.c; sourceTree = "<group>"; };
		7AFCFB0D22F4319200FAD58A /* libimagequant.h */ = {isa = PBXFileReference; fileEncoding = 4; lastKnownFileType = sourcecode.c.h; path = libimagequant.h; sourceTree = "<group>"; };
		7AFCFB0E22F4319200FAD58A /* pam.c */ = {isa = PBXFileReference; fileEncoding = 4; lastKnownFileType = sourcecode.c.c; path = pam.c; sourceTree = "<group>"; };
		7AFCFB2422F4336E00FAD58A /* minipng.swift */ = {isa = PBXFileReference; fileEncoding = 4; lastKnownFileType = sourcecode.swift; path = minipng.swift; sourceTree = "<group>"; };
/* End PBXFileReference section */

/* Begin PBXFrameworksBuildPhase section */
		7A56E98822FD613100E53422 /* Frameworks */ = {
			isa = PBXFrameworksBuildPhase;
			buildActionMask = 2147483647;
			files = (
				7A56E99022FD613100E53422 /* libminipng.framework in Frameworks */,
			);
			runOnlyForDeploymentPostprocessing = 0;
		};
		7AFCFADF22F4316A00FAD58A /* Frameworks */ = {
			isa = PBXFrameworksBuildPhase;
			buildActionMask = 2147483647;
			files = (
			);
			runOnlyForDeploymentPostprocessing = 0;
		};
/* End PBXFrameworksBuildPhase section */

/* Begin PBXGroup section */
		7A4CC58322F7D90B0016ABE1 /* lodepng */ = {
			isa = PBXGroup;
			children = (
				7AFCFB0322F4319200FAD58A /* lodepng.c */,
				7AFCFB0B22F4319200FAD58A /* lodepng.h */,
			);
			path = lodepng;
			sourceTree = "<group>";
		};
		7A56E98C22FD613100E53422 /* libminipngTests */ = {
			isa = PBXGroup;
			children = (
				7A56E98D22FD613100E53422 /* libminipngTests.swift */,
				7A56E98F22FD613100E53422 /* Info.plist */,
			);
			path = libminipngTests;
			sourceTree = "<group>";
		};
		7A8D0C582318FAB5001D187B /* Classes */ = {
			isa = PBXGroup;
			children = (
				7AFCFAE522F4316A00FAD58A /* libminipng.h */,
				7AFCFB2422F4336E00FAD58A /* minipng.swift */,
				7AFCFB0A22F4319200FAD58A /* minipng.c */,
				7AFCFB0422F4319200FAD58A /* minipng.h */,
				7A4CC58322F7D90B0016ABE1 /* lodepng */,
				7AFCFAFC22F4317100FAD58A /* pngquant */,
			);
			path = Classes;
			sourceTree = "<group>";
		};
		7AFCFAD822F4316A00FAD58A = {
			isa = PBXGroup;
			children = (
				7AFCFAE422F4316A00FAD58A /* libminipng */,
				7A56E98C22FD613100E53422 /* libminipngTests */,
				7AA84ECB231389CF00008862 /* LICENSE */,
				7A4CC58C22F977A20016ABE1 /* README.md */,
				7A8D0C532317BE1A001D187B /* libminipng.podspec */,
				7AFCFAE322F4316A00FAD58A /* Products */,
			);
			sourceTree = "<group>";
		};
		7AFCFAE322F4316A00FAD58A /* Products */ = {
			isa = PBXGroup;
			children = (
				7AFCFAE222F4316A00FAD58A /* libminipng.framework */,
				7A56E98B22FD613100E53422 /* libminipngTests.xctest */,
			);
			name = Products;
			sourceTree = "<group>";
		};
		7AFCFAE422F4316A00FAD58A /* libminipng */ = {
			isa = PBXGroup;
			children = (
				7A8D0C582318FAB5001D187B /* Classes */,
				7AFCFAE622F4316A00FAD58A /* Info.plist */,
			);
			path = libminipng;
			sourceTree = "<group>";
		};
		7AFCFAFC22F4317100FAD58A /* pngquant */ = {
			isa = PBXGroup;
			children = (
				7AFCFB0C22F4319200FAD58A /* blur.c */,
				7AFCFB0022F4319100FAD58A /* blur.h */,
				7AFCFAFD22F4319100FAD58A /* kmeans.c */,
				7AFCFAFF22F4319100FAD58A /* kmeans.h */,
				7AFCFB0822F4319200FAD58A /* libimagequant.c */,
				7AFCFB0D22F4319200FAD58A /* libimagequant.h */,
				7AFCFB0222F4319200FAD58A /* mediancut.c */,
				7AFCFB0522F4319200FAD58A /* mediancut.h */,
				7AFCFB0122F4319100FAD58A /* mempool.c */,
				7AFCFAFE22F4319100FAD58A /* mempool.h */,
				7AFCFB0922F4319200FAD58A /* nearest.c */,
				7AFCFB0622F4319200FAD58A /* nearest.h */,
				7AFCFB0E22F4319200FAD58A /* pam.c */,
				7AFCFB0722F4319200FAD58A /* pam.h */,
			);
			path = pngquant;
			sourceTree = "<group>";
		};
/* End PBXGroup section */

/* Begin PBXHeadersBuildPhase section */
		7AFCFADD22F4316A00FAD58A /* Headers */ = {
			isa = PBXHeadersBuildPhase;
			buildActionMask = 2147483647;
			files = (
				7AFCFB2822F4350A00FAD58A /* libminipng.h in Headers */,
				7AFCFB1622F4319200FAD58A /* minipng.h in Headers */,
				7AFCFB1922F4319200FAD58A /* pam.h in Headers */,
				7AFCFB1022F4319200FAD58A /* mempool.h in Headers */,
				7AFCFB1222F4319200FAD58A /* blur.h in Headers */,
				7AFCFB1D22F4319200FAD58A /* lodepng.h in Headers */,
				7AFCFB1122F4319200FAD58A /* kmeans.h in Headers */,
				7AFCFB1722F4319200FAD58A /* mediancut.h in Headers */,
				7AFCFB1F22F4319200FAD58A /* libimagequant.h in Headers */,
				7AFCFB1822F4319200FAD58A /* nearest.h in Headers */,
			);
			runOnlyForDeploymentPostprocessing = 0;
		};
/* End PBXHeadersBuildPhase section */

/* Begin PBXNativeTarget section */
		7A56E98A22FD613100E53422 /* libminipngTests */ = {
			isa = PBXNativeTarget;
			buildConfigurationList = 7A56E99522FD613100E53422 /* Build configuration list for PBXNativeTarget "libminipngTests" */;
			buildPhases = (
				7A56E98722FD613100E53422 /* Sources */,
				7A56E98822FD613100E53422 /* Frameworks */,
				7A56E98922FD613100E53422 /* Resources */,
			);
			buildRules = (
			);
			dependencies = (
				7A56E99222FD613100E53422 /* PBXTargetDependency */,
			);
			name = libminipngTests;
			productName = libminipngTests;
			productReference = 7A56E98B22FD613100E53422 /* libminipngTests.xctest */;
			productType = "com.apple.product-type.bundle.unit-test";
		};
		7AFCFAE122F4316A00FAD58A /* libminipng */ = {
			isa = PBXNativeTarget;
			buildConfigurationList = 7AFCFAF622F4316B00FAD58A /* Build configuration list for PBXNativeTarget "libminipng" */;
			buildPhases = (
				7AFCFADD22F4316A00FAD58A /* Headers */,
				7AFCFADE22F4316A00FAD58A /* Sources */,
				7AFCFADF22F4316A00FAD58A /* Frameworks */,
				7AFCFAE022F4316A00FAD58A /* Resources */,
			);
			buildRules = (
			);
			dependencies = (
			);
			name = libminipng;
			productName = pngmini;
			productReference = 7AFCFAE222F4316A00FAD58A /* libminipng.framework */;
			productType = "com.apple.product-type.framework";
		};
/* End PBXNativeTarget section */

/* Begin PBXProject section */
		7AFCFAD922F4316A00FAD58A /* Project object */ = {
			isa = PBXProject;
			attributes = {
				CLASSPREFIX = "";
				LastSwiftUpdateCheck = 1010;
				LastUpgradeCheck = 1010;
				ORGANIZATIONNAME = "iChochy http://www.ichochy.com/";
				TargetAttributes = {
					7A56E98A22FD613100E53422 = {
						CreatedOnToolsVersion = 10.1;
					};
					7AFCFAE122F4316A00FAD58A = {
						CreatedOnToolsVersion = 10.1;
						LastSwiftMigration = 1010;
					};
				};
			};
			buildConfigurationList = 7AFCFADC22F4316A00FAD58A /* Build configuration list for PBXProject "libminipng" */;
			compatibilityVersion = "Xcode 10.0";
			developmentRegion = en;
			hasScannedForEncodings = 0;
			knownRegions = (
				en,
			);
			mainGroup = 7AFCFAD822F4316A00FAD58A;
			productRefGroup = 7AFCFAE322F4316A00FAD58A /* Products */;
			projectDirPath = "";
			projectRoot = "";
			targets = (
				7AFCFAE122F4316A00FAD58A /* libminipng */,
				7A56E98A22FD613100E53422 /* libminipngTests */,
			);
		};
/* End PBXProject section */

/* Begin PBXResourcesBuildPhase section */
		7A56E98922FD613100E53422 /* Resources */ = {
			isa = PBXResourcesBuildPhase;
			buildActionMask = 2147483647;
			files = (
			);
			runOnlyForDeploymentPostprocessing = 0;
		};
		7AFCFAE022F4316A00FAD58A /* Resources */ = {
			isa = PBXResourcesBuildPhase;
			buildActionMask = 2147483647;
			files = (
				7AA84ECC231389CF00008862 /* LICENSE in Resources */,
				7A8D0C542317BE1A001D187B /* libminipng.podspec in Resources */,
				7A4CC58D22F977A20016ABE1 /* README.md in Resources */,
			);
			runOnlyForDeploymentPostprocessing = 0;
		};
/* End PBXResourcesBuildPhase section */

/* Begin PBXSourcesBuildPhase section */
		7A56E98722FD613100E53422 /* Sources */ = {
			isa = PBXSourcesBuildPhase;
			buildActionMask = 2147483647;
			files = (
				7A56E98E22FD613100E53422 /* libminipngTests.swift in Sources */,
			);
			runOnlyForDeploymentPostprocessing = 0;
		};
		7AFCFADE22F4316A00FAD58A /* Sources */ = {
			isa = PBXSourcesBuildPhase;
			buildActionMask = 2147483647;
			files = (
				7AFCFB2022F4319200FAD58A /* pam.c in Sources */,
				7AFCFB1C22F4319200FAD58A /* minipng.c in Sources */,
				7AFCFB1B22F4319200FAD58A /* nearest.c in Sources */,
				7AFCFB0F22F4319200FAD58A /* kmeans.c in Sources */,
				7AFCFB2522F4336E00FAD58A /* minipng.swift in Sources */,
				7AFCFB1322F4319200FAD58A /* mempool.c in Sources */,
				7AFCFB1E22F4319200FAD58A /* blur.c in Sources */,
				7AFCFB1422F4319200FAD58A /* mediancut.c in Sources */,
				7AFCFB1A22F4319200FAD58A /* libimagequant.c in Sources */,
				7AFCFB1522F4319200FAD58A /* lodepng.c in Sources */,
			);
			runOnlyForDeploymentPostprocessing = 0;
		};
/* End PBXSourcesBuildPhase section */

/* Begin PBXTargetDependency section */
		7A56E99222FD613100E53422 /* PBXTargetDependency */ = {
			isa = PBXTargetDependency;
			target = 7AFCFAE122F4316A00FAD58A /* libminipng */;
			targetProxy = 7A56E99122FD613100E53422 /* PBXContainerItemProxy */;
		};
/* End PBXTargetDependency section */

/* Begin XCBuildConfiguration section */
		7A56E99322FD613100E53422 /* Debug */ = {
			isa = XCBuildConfiguration;
			buildSettings = {
				CODE_SIGN_STYLE = Automatic;
				COMBINE_HIDPI_IMAGES = YES;
				DEVELOPMENT_TEAM = 64RWPFUJYS;
				INFOPLIST_FILE = libminipngTests/Info.plist;
				LD_RUNPATH_SEARCH_PATHS = (
					"$(inherited)",
					"@executable_path/../Frameworks",
					"@loader_path/../Frameworks",
				);
				PRODUCT_BUNDLE_IDENTIFIER = test.ichochy.libminipngTests;
				PRODUCT_NAME = "$(TARGET_NAME)";
				SWIFT_OBJC_BRIDGING_HEADER = "";
				SWIFT_VERSION = 4.2;
			};
			name = Debug;
		};
		7A56E99422FD613100E53422 /* Release */ = {
			isa = XCBuildConfiguration;
			buildSettings = {
				CODE_SIGN_STYLE = Automatic;
				COMBINE_HIDPI_IMAGES = YES;
				DEVELOPMENT_TEAM = 64RWPFUJYS;
				INFOPLIST_FILE = libminipngTests/Info.plist;
				LD_RUNPATH_SEARCH_PATHS = (
					"$(inherited)",
					"@executable_path/../Frameworks",
					"@loader_path/../Frameworks",
				);
				PRODUCT_BUNDLE_IDENTIFIER = test.ichochy.libminipngTests;
				PRODUCT_NAME = "$(TARGET_NAME)";
				SWIFT_OBJC_BRIDGING_HEADER = "";
				SWIFT_VERSION = 4.2;
			};
			name = Release;
		};
		7AFCFAF422F4316B00FAD58A /* Debug */ = {
			isa = XCBuildConfiguration;
			buildSettings = {
				ALWAYS_SEARCH_USER_PATHS = NO;
				CLANG_ANALYZER_NONNULL = YES;
				CLANG_ANALYZER_NUMBER_OBJECT_CONVERSION = YES_AGGRESSIVE;
				CLANG_CXX_LANGUAGE_STANDARD = "gnu++14";
				CLANG_CXX_LIBRARY = "libc++";
				CLANG_ENABLE_MODULES = YES;
				CLANG_ENABLE_OBJC_ARC = YES;
				CLANG_ENABLE_OBJC_WEAK = YES;
				CLANG_WARN_BLOCK_CAPTURE_AUTORELEASING = YES;
				CLANG_WARN_BOOL_CONVERSION = YES;
				CLANG_WARN_COMMA = YES;
				CLANG_WARN_CONSTANT_CONVERSION = YES;
				CLANG_WARN_DEPRECATED_OBJC_IMPLEMENTATIONS = YES;
				CLANG_WARN_DIRECT_OBJC_ISA_USAGE = YES_ERROR;
				CLANG_WARN_DOCUMENTATION_COMMENTS = YES;
				CLANG_WARN_EMPTY_BODY = YES;
				CLANG_WARN_ENUM_CONVERSION = YES;
				CLANG_WARN_INFINITE_RECURSION = YES;
				CLANG_WARN_INT_CONVERSION = YES;
				CLANG_WARN_NON_LITERAL_NULL_CONVERSION = YES;
				CLANG_WARN_OBJC_IMPLICIT_RETAIN_SELF = YES;
				CLANG_WARN_OBJC_LITERAL_CONVERSION = YES;
				CLANG_WARN_OBJC_ROOT_CLASS = YES_ERROR;
				CLANG_WARN_RANGE_LOOP_ANALYSIS = YES;
				CLANG_WARN_STRICT_PROTOTYPES = YES;
				CLANG_WARN_SUSPICIOUS_MOVE = YES;
				CLANG_WARN_UNGUARDED_AVAILABILITY = YES_AGGRESSIVE;
				CLANG_WARN_UNREACHABLE_CODE = YES;
				CLANG_WARN__DUPLICATE_METHOD_MATCH = YES;
				CODE_SIGN_IDENTITY = "Mac Developer";
				COPY_PHASE_STRIP = NO;
				CURRENT_PROJECT_VERSION = 1;
				DEBUG_INFORMATION_FORMAT = dwarf;
				ENABLE_STRICT_OBJC_MSGSEND = YES;
				ENABLE_TESTABILITY = YES;
				GCC_C_LANGUAGE_STANDARD = gnu11;
				GCC_DYNAMIC_NO_PIC = NO;
				GCC_NO_COMMON_BLOCKS = YES;
				GCC_OPTIMIZATION_LEVEL = 0;
				GCC_PREPROCESSOR_DEFINITIONS = (
					"DEBUG=1",
					"$(inherited)",
				);
				GCC_WARN_64_TO_32_BIT_CONVERSION = YES;
				GCC_WARN_ABOUT_RETURN_TYPE = YES_ERROR;
				GCC_WARN_UNDECLARED_SELECTOR = YES;
				GCC_WARN_UNINITIALIZED_AUTOS = YES_AGGRESSIVE;
				GCC_WARN_UNUSED_FUNCTION = YES;
				GCC_WARN_UNUSED_VARIABLE = YES;
				MACOSX_DEPLOYMENT_TARGET = 10.13;
				MTL_ENABLE_DEBUG_INFO = INCLUDE_SOURCE;
				MTL_FAST_MATH = YES;
				ONLY_ACTIVE_ARCH = YES;
				SDKROOT = macosx;
				SWIFT_ACTIVE_COMPILATION_CONDITIONS = DEBUG;
				SWIFT_OBJC_BRIDGING_HEADER = "pngmini/minipng-Bridging-Header.h";
				SWIFT_OPTIMIZATION_LEVEL = "-Onone";
				VERSIONING_SYSTEM = "apple-generic";
				VERSION_INFO_PREFIX = "";
			};
			name = Debug;
		};
		7AFCFAF522F4316B00FAD58A /* Release */ = {
			isa = XCBuildConfiguration;
			buildSettings = {
				ALWAYS_SEARCH_USER_PATHS = NO;
				CLANG_ANALYZER_NONNULL = YES;
				CLANG_ANALYZER_NUMBER_OBJECT_CONVERSION = YES_AGGRESSIVE;
				CLANG_CXX_LANGUAGE_STANDARD = "gnu++14";
				CLANG_CXX_LIBRARY = "libc++";
				CLANG_ENABLE_MODULES = YES;
				CLANG_ENABLE_OBJC_ARC = YES;
				CLANG_ENABLE_OBJC_WEAK = YES;
				CLANG_WARN_BLOCK_CAPTURE_AUTORELEASING = YES;
				CLANG_WARN_BOOL_CONVERSION = YES;
				CLANG_WARN_COMMA = YES;
				CLANG_WARN_CONSTANT_CONVERSION = YES;
				CLANG_WARN_DEPRECATED_OBJC_IMPLEMENTATIONS = YES;
				CLANG_WARN_DIRECT_OBJC_ISA_USAGE = YES_ERROR;
				CLANG_WARN_DOCUMENTATION_COMMENTS = YES;
				CLANG_WARN_EMPTY_BODY = YES;
				CLANG_WARN_ENUM_CONVERSION = YES;
				CLANG_WARN_INFINITE_RECURSION = YES;
				CLANG_WARN_INT_CONVERSION = YES;
				CLANG_WARN_NON_LITERAL_NULL_CONVERSION = YES;
				CLANG_WARN_OBJC_IMPLICIT_RETAIN_SELF = YES;
				CLANG_WARN_OBJC_LITERAL_CONVERSION = YES;
				CLANG_WARN_OBJC_ROOT_CLASS = YES_ERROR;
				CLANG_WARN_RANGE_LOOP_ANALYSIS = YES;
				CLANG_WARN_STRICT_PROTOTYPES = YES;
				CLANG_WARN_SUSPICIOUS_MOVE = YES;
				CLANG_WARN_UNGUARDED_AVAILABILITY = YES_AGGRESSIVE;
				CLANG_WARN_UNREACHABLE_CODE = YES;
				CLANG_WARN__DUPLICATE_METHOD_MATCH = YES;
				CODE_SIGN_IDENTITY = "Mac Developer";
				COPY_PHASE_STRIP = NO;
				CURRENT_PROJECT_VERSION = 1;
				DEBUG_INFORMATION_FORMAT = "dwarf-with-dsym";
				ENABLE_NS_ASSERTIONS = NO;
				ENABLE_STRICT_OBJC_MSGSEND = YES;
				GCC_C_LANGUAGE_STANDARD = gnu11;
				GCC_NO_COMMON_BLOCKS = YES;
				GCC_WARN_64_TO_32_BIT_CONVERSION = YES;
				GCC_WARN_ABOUT_RETURN_TYPE = YES_ERROR;
				GCC_WARN_UNDECLARED_SELECTOR = YES;
				GCC_WARN_UNINITIALIZED_AUTOS = YES_AGGRESSIVE;
				GCC_WARN_UNUSED_FUNCTION = YES;
				GCC_WARN_UNUSED_VARIABLE = YES;
				MACOSX_DEPLOYMENT_TARGET = 10.13;
				MTL_ENABLE_DEBUG_INFO = NO;
				MTL_FAST_MATH = YES;
				SDKROOT = macosx;
				SWIFT_COMPILATION_MODE = wholemodule;
				SWIFT_OBJC_BRIDGING_HEADER = "pngmini/minipng-Bridging-Header.h";
				SWIFT_OPTIMIZATION_LEVEL = "-O";
				VERSIONING_SYSTEM = "apple-generic";
				VERSION_INFO_PREFIX = "";
			};
			name = Release;
		};
		7AFCFAF722F4316B00FAD58A /* Debug */ = {
			isa = XCBuildConfiguration;
			buildSettings = {
				APPLICATION_EXTENSION_API_ONLY = NO;
				CLANG_ENABLE_MODULES = YES;
				CODE_SIGN_IDENTITY = "Mac Developer";
				CODE_SIGN_STYLE = Automatic;
				COMBINE_HIDPI_IMAGES = YES;
				DEFINES_MODULE = YES;
				DEVELOPMENT_TEAM = "";
				DYLIB_COMPATIBILITY_VERSION = 1;
				DYLIB_CURRENT_VERSION = 1;
				DYLIB_INSTALL_NAME_BASE = "@rpath";
				FRAMEWORK_VERSION = A;
				INFOPLIST_FILE = libminipng/Info.plist;
				INSTALL_PATH = "$(LOCAL_LIBRARY_DIR)/Frameworks";
				LD_RUNPATH_SEARCH_PATHS = (
					"$(inherited)",
					"@executable_path/../Frameworks",
					"@loader_path/Frameworks",
				);
				MACH_O_TYPE = staticlib;
				MODULEMAP_FILE = "";
				PRODUCT_BUNDLE_IDENTIFIER = minipng.ichochy.com;
				PRODUCT_NAME = "$(TARGET_NAME:c99extidentifier)";
				PROVISIONING_PROFILE_SPECIFIER = "";
				SKIP_INSTALL = YES;
				SWIFT_OBJC_BRIDGING_HEADER = "";
				SWIFT_OPTIMIZATION_LEVEL = "-Onone";
				SWIFT_VERSION = 4.2;
			};
			name = Debug;
		};
		7AFCFAF822F4316B00FAD58A /* Release */ = {
			isa = XCBuildConfiguration;
			buildSettings = {
				APPLICATION_EXTENSION_API_ONLY = NO;
				CLANG_ENABLE_MODULES = YES;
				CODE_SIGN_IDENTITY = "Mac Developer";
				CODE_SIGN_STYLE = Automatic;
				COMBINE_HIDPI_IMAGES = YES;
				DEFINES_MODULE = YES;
				DEVELOPMENT_TEAM = "";
				DYLIB_COMPATIBILITY_VERSION = 1;
				DYLIB_CURRENT_VERSION = 1;
				DYLIB_INSTALL_NAME_BASE = "@rpath";
				FRAMEWORK_VERSION = A;
				INFOPLIST_FILE = libminipng/Info.plist;
				INSTALL_PATH = "$(LOCAL_LIBRARY_DIR)/Frameworks";
				LD_RUNPATH_SEARCH_PATHS = (
					"$(inherited)",
					"@executable_path/../Frameworks",
					"@loader_path/Frameworks",
				);
				MACH_O_TYPE = staticlib;
				MODULEMAP_FILE = "";
				PRODUCT_BUNDLE_IDENTIFIER = minipng.ichochy.com;
				PRODUCT_NAME = "$(TARGET_NAME:c99extidentifier)";
				PROVISIONING_PROFILE_SPECIFIER = "";
				SKIP_INSTALL = YES;
				SWIFT_OBJC_BRIDGING_HEADER = "";
				SWIFT_VERSION = 4.2;
			};
			name = Release;
		};
/* End XCBuildConfiguration section */

/* Begin XCConfigurationList section */
		7A56E99522FD613100E53422 /* Build configuration list for PBXNativeTarget "libminipngTests" */ = {
			isa = XCConfigurationList;
			buildConfigurations = (
				7A56E99322FD613100E53422 /* Debug */,
				7A56E99422FD613100E53422 /* Release */,
			);
			defaultConfigurationIsVisible = 0;
			defaultConfigurationName = Release;
		};
		7AFCFADC22F4316A00FAD58A /* Build configuration list for PBXProject "libminipng" */ = {
			isa = XCConfigurationList;
			buildConfigurations = (
				7AFCFAF422F4316B00FAD58A /* Debug */,
				7AFCFAF522F4316B00FAD58A /* Release */,
			);
			defaultConfigurationIsVisible = 0;
			defaultConfigurationName = Release;
		};
		7AFCFAF622F4316B00FAD58A /* Build configuration list for PBXNativeTarget "libminipng" */ = {
			isa = XCConfigurationList;
			buildConfigurations = (
				7AFCFAF722F4316B00FAD58A /* Debug */,
				7AFCFAF822F4316B00FAD58A /* Release */,
			);
			defaultConfigurationIsVisible = 0;
			defaultConfigurationName = Release;
		};
/* End XCConfigurationList section */
	};
	rootObject = 7AFCFAD922F4316A00FAD58A /* Project object */;
}
